
Microsoft Visual Studio Solution File, Format Version 12.00
# Visual Studio Version 16
VisualStudioVersion = 16.0.31624.102
MinimumVisualStudioVersion = 10.0.40219.1
Project("{8BC9CEB8-8B4A-11D0-8D11-00A0C91BC942}") = "sfml", "sfml.vcxproj", "{DC70E2C8-CA7B-4472-96E0-B894D52DB0B4}"
EndProject
Global
	GlobalSection(SolutionConfigurationPlatforms) = preSolution
		Debug|x64 = Debug|x64
		Debug|x86 = Debug|x86
		Release|x64 = Release|x64
		Release|x86 = Release|x86
	EndGlobalSection
	GlobalSection(ProjectConfigurationPlatforms) = postSolution
		{DC70E2C8-CA7B-4472-96E0-B894D52DB0B4}.Debug|x64.ActiveCfg = Debug|x64
		{DC70E2C8-CA7B-4472-96E0-B894D52DB0B4}.Debug|x64.Build.0 = Debug|x64
		{DC70E2C8-CA7B-4472-96E0-B894D52DB0B4}.Debug|x86.ActiveCfg = Debug|Win32
		{DC70E2C8-CA7B-4472-96E0-B894D52DB0B4}.Debug|x86.Build.0 = Debug|Win32
		{DC70E2C8-CA7B-4472-96E0-B894D52DB0B4}.Release|x64.ActiveCfg = Release|x64
		{DC70E2C8-CA7B-4472-96E0-B894D52DB0B4}.Release|x64.Build.0 = Release|x64
		{DC70E2C8-CA7B-4472-96E0-B894D52DB0B4}.Release|x86.ActiveCfg = Release|Win32
		{DC70E2C8-CA7B-4472-96E0-B894D52DB0B4}.Release|x86.Build.0 = Release|Win32
	EndGlobalSection
	GlobalSection(SolutionProperties) = preSolution
		HideSolutionNode = FALSE
	EndGlobalSection
	GlobalSection(ExtensibilityGlobals) = postSolution
		SolutionGuid = {8051083F-E67B-4E26-AC4E-D6ABA8278106}
	EndGlobalSection
EndGlobal
